
Microsoft Visual Studio Solution File, Format Version 12.00
# Visual Studio Version 17
VisualStudioVersion = 17.5.33414.496
MinimumVisualStudioVersion = 10.0.40219.1
Project("{FAE04EC0-301F-11D3-BF4B-00C04F79EFBC}") = "RabbitMQ.Publisher", "RabbitMQ.Publisher\RabbitMQ.Publisher.csproj", "{E2FE80F0-AA96-4041-9ED0-6A7E91AEEB39}"
EndProject
Global
	GlobalSection(SolutionConfigurationPlatforms) = preSolution
		Debug|Any CPU = Debug|Any CPU
		Release|Any CPU = Release|Any CPU
	EndGlobalSection
	GlobalSection(ProjectConfigurationPlatforms) = postSolution
		{E2FE80F0-AA96-4041-9ED0-6A7E91AEEB39}.Debug|Any CPU.ActiveCfg = Debug|Any CPU
		{E2FE80F0-AA96-4041-9ED0-6A7E91AEEB39}.Debug|Any CPU.Build.0 = Debug|Any CPU
		{E2FE80F0-AA96-4041-9ED0-6A7E91AEEB39}.Release|Any CPU.ActiveCfg = Release|Any CPU
		{E2FE80F0-AA96-4041-9ED0-6A7E91AEEB39}.Release|Any CPU.Build.0 = Release|Any CPU
	EndGlobalSection
	GlobalSection(SolutionProperties) = preSolution
		HideSolutionNode = FALSE
	EndGlobalSection
	GlobalSection(ExtensibilityGlobals) = postSolution
		SolutionGuid = {7BB1BE7D-B46E-49BC-9FA8-B51AE448C014}
	EndGlobalSection
EndGlobal
